// !$*UTF8*$!
{
	archiveVersion = 1;
	classes = {
	};
	objectVersion = 50;
	objects = {

/* Begin PBXBuildFile section */
		6157B22A3BE470DF3B336C65 /* Pods_BitTicker.framework in Frameworks */ = {isa = PBXBuildFile; fileRef = D569EA88B264490F2BDEEE3B /* Pods_BitTicker.framework */; };
		BC0F27BC21FC4C5D008032D3 /* Ticker.swift in Sources */ = {isa = PBXBuildFile; fileRef = BC0F27BB21FC4C5D008032D3 /* Ticker.swift */; };
		BC0F27BE21FC4D57008032D3 /* BitPoloniexService.swift in Sources */ = {isa = PBXBuildFile; fileRef = BC0F27BD21FC4D57008032D3 /* BitPoloniexService.swift */; };
		BC0F27C221FC4FCD008032D3 /* GoogleService-Info.plist in Resources */ = {isa = PBXBuildFile; fileRef = BC0F27C121FC4FCD008032D3 /* GoogleService-Info.plist */; };
		BC0F27C521FC5016008032D3 /* RootViewController.swift in Sources */ = {isa = PBXBuildFile; fileRef = BC0F27C421FC5016008032D3 /* RootViewController.swift */; };
		BC0F27C921FC5289008032D3 /* RootContract.swift in Sources */ = {isa = PBXBuildFile; fileRef = BC0F27C821FC5289008032D3 /* RootContract.swift */; };
		BC0F27D121FC5615008032D3 /* LoginContracts.swift in Sources */ = {isa = PBXBuildFile; fileRef = BC0F27D021FC5615008032D3 /* LoginContracts.swift */; };
		BC0F27D321FC562A008032D3 /* LoginIneractor.swift in Sources */ = {isa = PBXBuildFile; fileRef = BC0F27D221FC562A008032D3 /* LoginIneractor.swift */; };
		BC0F27D521FC564E008032D3 /* LoginPresenter.swift in Sources */ = {isa = PBXBuildFile; fileRef = BC0F27D421FC564E008032D3 /* LoginPresenter.swift */; };
		BC0F27D721FC5662008032D3 /* LoginRouter.swift in Sources */ = {isa = PBXBuildFile; fileRef = BC0F27D621FC5662008032D3 /* LoginRouter.swift */; };
		BC0F27D921FC567F008032D3 /* LoginViewController.swift in Sources */ = {isa = PBXBuildFile; fileRef = BC0F27D821FC567F008032D3 /* LoginViewController.swift */; };
		BC0F27DB21FC5712008032D3 /* LoginStoryboard.storyboard in Resources */ = {isa = PBXBuildFile; fileRef = BC0F27DA21FC5712008032D3 /* LoginStoryboard.storyboard */; };
		BC0F27DD21FC5AB3008032D3 /* RootRouter.swift in Sources */ = {isa = PBXBuildFile; fileRef = BC0F27DC21FC5AB3008032D3 /* RootRouter.swift */; };
		BC0F27E221FC6385008032D3 /* R.generated.swift in Sources */ = {isa = PBXBuildFile; fileRef = BC0F27E121FC6385008032D3 /* R.generated.swift */; };
		BC0F27E421FC974C008032D3 /* ReachabilityManager.swift in Sources */ = {isa = PBXBuildFile; fileRef = BC0F27E321FC974C008032D3 /* ReachabilityManager.swift */; };
		BC0F27E721FC9762008032D3 /* Reachability.m in Sources */ = {isa = PBXBuildFile; fileRef = BC0F27E521FC9762008032D3 /* Reachability.m */; };
		BC0F27EE21FC98B5008032D3 /* PairsListContracts.swift in Sources */ = {isa = PBXBuildFile; fileRef = BC0F27ED21FC98B4008032D3 /* PairsListContracts.swift */; };
		BC0F27F021FC98DA008032D3 /* PairsListInteractor.swift in Sources */ = {isa = PBXBuildFile; fileRef = BC0F27EF21FC98DA008032D3 /* PairsListInteractor.swift */; };
		BC0F27F221FC98E9008032D3 /* PairsListPresenter.swift in Sources */ = {isa = PBXBuildFile; fileRef = BC0F27F121FC98E9008032D3 /* PairsListPresenter.swift */; };
		BC0F27F421FC98F7008032D3 /* PairsListRouter.swift in Sources */ = {isa = PBXBuildFile; fileRef = BC0F27F321FC98F7008032D3 /* PairsListRouter.swift */; };
		BC0F27F621FC9908008032D3 /* PairsListViewController.swift in Sources */ = {isa = PBXBuildFile; fileRef = BC0F27F521FC9908008032D3 /* PairsListViewController.swift */; };
		BC0F27F821FC991B008032D3 /* PairsListStoryboard.storyboard in Resources */ = {isa = PBXBuildFile; fileRef = BC0F27F721FC991B008032D3 /* PairsListStoryboard.storyboard */; };
		BC0F280021FC99B4008032D3 /* PairDetailContracts.swift in Sources */ = {isa = PBXBuildFile; fileRef = BC0F27FF21FC99B4008032D3 /* PairDetailContracts.swift */; };
		BC0F280221FC99C6008032D3 /* PairDetailInteractor.swift in Sources */ = {isa = PBXBuildFile; fileRef = BC0F280121FC99C6008032D3 /* PairDetailInteractor.swift */; };
		BC0F280421FC99DC008032D3 /* PairDetailPresenter.swift in Sources */ = {isa = PBXBuildFile; fileRef = BC0F280321FC99DC008032D3 /* PairDetailPresenter.swift */; };
		BC0F280621FC99ED008032D3 /* PairDetailRouter.swift in Sources */ = {isa = PBXBuildFile; fileRef = BC0F280521FC99ED008032D3 /* PairDetailRouter.swift */; };
		BC0F280821FC9A03008032D3 /* PairDetailiViewController.swift in Sources */ = {isa = PBXBuildFile; fileRef = BC0F280721FC9A03008032D3 /* PairDetailiViewController.swift */; };
		BC0F280A21FC9A14008032D3 /* PairDetailStoryboard.storyboard in Resources */ = {isa = PBXBuildFile; fileRef = BC0F280921FC9A14008032D3 /* PairDetailStoryboard.storyboard */; };
		BC0F280C21FCC3E0008032D3 /* PairListTableViewCell.xib in Resources */ = {isa = PBXBuildFile; fileRef = BC0F280B21FCC3E0008032D3 /* PairListTableViewCell.xib */; };
		BC0F280E21FCC3EB008032D3 /* PairListTableViewCell.swift in Sources */ = {isa = PBXBuildFile; fileRef = BC0F280D21FCC3EB008032D3 /* PairListTableViewCell.swift */; };
		BC0F281221FD9B98008032D3 /* Observable.swift in Sources */ = {isa = PBXBuildFile; fileRef = BC0F281121FD9B98008032D3 /* Observable.swift */; };
		BC4BC78121FEBD4300CE6AAD /* DateTests.swift in Sources */ = {isa = PBXBuildFile; fileRef = BC4BC78021FEBD4300CE6AAD /* DateTests.swift */; };
		BC4BC78421FEBE0F00CE6AAD /* EncryptionTests.swift in Sources */ = {isa = PBXBuildFile; fileRef = BC4BC78321FEBE0F00CE6AAD /* EncryptionTests.swift */; };
		BC4BC78721FEBE5000CE6AAD /* TickerDataTests.swift in Sources */ = {isa = PBXBuildFile; fileRef = BC4BC78621FEBE5000CE6AAD /* TickerDataTests.swift */; };
		BC766D1B21FDDE67004F11C1 /* AnimationProtocol.swift in Sources */ = {isa = PBXBuildFile; fileRef = BC766D1A21FDDE66004F11C1 /* AnimationProtocol.swift */; };
		BC766D1D21FDF77F004F11C1 /* Assets.xcassets in Resources */ = {isa = PBXBuildFile; fileRef = BC766D1C21FDF77F004F11C1 /* Assets.xcassets */; };
		BCFAAFF821FA0D9400A59813 /* AppDelegate.swift in Sources */ = {isa = PBXBuildFile; fileRef = BCFAAFF721FA0D9400A59813 /* AppDelegate.swift */; };
		BCFAAFFD21FA0D9400A59813 /* Main.storyboard in Resources */ = {isa = PBXBuildFile; fileRef = BCFAAFFB21FA0D9400A59813 /* Main.storyboard */; };
		BCFAB00221FA0D9500A59813 /* LaunchScreen.storyboard in Resources */ = {isa = PBXBuildFile; fileRef = BCFAB00021FA0D9500A59813 /* LaunchScreen.storyboard */; };
		BCFAB02B21FA0E7900A59813 /* UIEdgeInsets.swift in Sources */ = {isa = PBXBuildFile; fileRef = BCFAB01E21FA0E7900A59813 /* UIEdgeInsets.swift */; };
		BCFAB02C21FA0E7900A59813 /* UIColor.swift in Sources */ = {isa = PBXBuildFile; fileRef = BCFAB02021FA0E7900A59813 /* UIColor.swift */; };
		BCFAB02D21FA0E7900A59813 /* Data.swift in Sources */ = {isa = PBXBuildFile; fileRef = BCFAB02221FA0E7900A59813 /* Data.swift */; };
		BCFAB02E21FA0E7900A59813 /* String.swift in Sources */ = {isa = PBXBuildFile; fileRef = BCFAB02421FA0E7900A59813 /* String.swift */; };
		BCFAB02F21FA0E7900A59813 /* UIFont.swift in Sources */ = {isa = PBXBuildFile; fileRef = BCFAB02621FA0E7900A59813 /* UIFont.swift */; };
		BCFAB03021FA0E7900A59813 /* UIView.swift in Sources */ = {isa = PBXBuildFile; fileRef = BCFAB02821FA0E7900A59813 /* UIView.swift */; };
		BCFAB03121FA0E7900A59813 /* Date.swift in Sources */ = {isa = PBXBuildFile; fileRef = BCFAB02A21FA0E7900A59813 /* Date.swift */; };
		BCFAB03321FA0FAD00A59813 /* Utils.swift in Sources */ = {isa = PBXBuildFile; fileRef = BCFAB03221FA0FAD00A59813 /* Utils.swift */; };
		BCFAB03521FA107400A59813 /* InternalNotifications.swift in Sources */ = {isa = PBXBuildFile; fileRef = BCFAB03421FA107400A59813 /* InternalNotifications.swift */; };
		BCFAB04921FA501B00A59813 /* PairIdData.swift in Sources */ = {isa = PBXBuildFile; fileRef = BCFAB04821FA501B00A59813 /* PairIdData.swift */; };
		FCC2B6393B262635288311C3 /* Pods_BitTickerTests.framework in Frameworks */ = {isa = PBXBuildFile; fileRef = DFF6CD6D6BB54C2C2E355644 /* Pods_BitTickerTests.framework */; };
/* End PBXBuildFile section */

/* Begin PBXContainerItemProxy section */
		BCFAB00921FA0D9500A59813 /* PBXContainerItemProxy */ = {
			isa = PBXContainerItemProxy;
			containerPortal = BCFAAFEC21FA0D9400A59813 /* Project object */;
			proxyType = 1;
			remoteGlobalIDString = BCFAAFF321FA0D9400A59813;
			remoteInfo = BitTicker;
		};
/* End PBXContainerItemProxy section */

/* Begin PBXFileReference section */
		06BEFD2183A9D4640099F8C9 /* Pods-BitTickerTests.debug.xcconfig */ = {isa = PBXFileReference; includeInIndex = 1; lastKnownFileType = text.xcconfig; name = "Pods-BitTickerTests.debug.xcconfig"; path = "Pods/Target Support Files/Pods-BitTickerTests/Pods-BitTickerTests.debug.xcconfig"; sourceTree = "<group>"; };
		4985F14E9CE299D79C9A1A0C /* Pods-BitTicker.release.xcconfig */ = {isa = PBXFileReference; includeInIndex = 1; lastKnownFileType = text.xcconfig; name = "Pods-BitTicker.release.xcconfig"; path = "Pods/Target Support Files/Pods-BitTicker/Pods-BitTicker.release.xcconfig"; sourceTree = "<group>"; };
		65D51DEFCF34329AA6EFB0C2 /* Pods-BitTickerTests.release.xcconfig */ = {isa = PBXFileReference; includeInIndex = 1; lastKnownFileType = text.xcconfig; name = "Pods-BitTickerTests.release.xcconfig"; path = "Pods/Target Support Files/Pods-BitTickerTests/Pods-BitTickerTests.release.xcconfig"; sourceTree = "<group>"; };
		8353EA698BB22C8510F0851A /* Pods-BitTicker.debug.xcconfig */ = {isa = PBXFileReference; includeInIndex = 1; lastKnownFileType = text.xcconfig; name = "Pods-BitTicker.debug.xcconfig"; path = "Pods/Target Support Files/Pods-BitTicker/Pods-BitTicker.debug.xcconfig"; sourceTree = "<group>"; };
		BC0F27BB21FC4C5D008032D3 /* Ticker.swift */ = {isa = PBXFileReference; lastKnownFileType = sourcecode.swift; path = Ticker.swift; sourceTree = "<group>"; };
		BC0F27BD21FC4D57008032D3 /* BitPoloniexService.swift */ = {isa = PBXFileReference; lastKnownFileType = sourcecode.swift; path = BitPoloniexService.swift; sourceTree = "<group>"; };
		BC0F27C121FC4FCD008032D3 /* GoogleService-Info.plist */ = {isa = PBXFileReference; fileEncoding = 4; lastKnownFileType = text.plist.xml; path = "GoogleService-Info.plist"; sourceTree = "<group>"; };
		BC0F27C421FC5016008032D3 /* RootViewController.swift */ = {isa = PBXFileReference; lastKnownFileType = sourcecode.swift; path = RootViewController.swift; sourceTree = "<group>"; };
		BC0F27C821FC5289008032D3 /* RootContract.swift */ = {isa = PBXFileReference; lastKnownFileType = sourcecode.swift; path = RootContract.swift; sourceTree = "<group>"; };
		BC0F27D021FC5615008032D3 /* LoginContracts.swift */ = {isa = PBXFileReference; lastKnownFileType = sourcecode.swift; path = LoginContracts.swift; sourceTree = "<group>"; };
		BC0F27D221FC562A008032D3 /* LoginIneractor.swift */ = {isa = PBXFileReference; lastKnownFileType = sourcecode.swift; path = LoginIneractor.swift; sourceTree = "<group>"; };
		BC0F27D421FC564E008032D3 /* LoginPresenter.swift */ = {isa = PBXFileReference; lastKnownFileType = sourcecode.swift; path = LoginPresenter.swift; sourceTree = "<group>"; };
		BC0F27D621FC5662008032D3 /* LoginRouter.swift */ = {isa = PBXFileReference; lastKnownFileType = sourcecode.swift; path = LoginRouter.swift; sourceTree = "<group>"; };
		BC0F27D821FC567F008032D3 /* LoginViewController.swift */ = {isa = PBXFileReference; lastKnownFileType = sourcecode.swift; path = LoginViewController.swift; sourceTree = "<group>"; };
		BC0F27DA21FC5712008032D3 /* LoginStoryboard.storyboard */ = {isa = PBXFileReference; lastKnownFileType = file.storyboard; path = LoginStoryboard.storyboard; sourceTree = "<group>"; };
		BC0F27DC21FC5AB3008032D3 /* RootRouter.swift */ = {isa = PBXFileReference; lastKnownFileType = sourcecode.swift; path = RootRouter.swift; sourceTree = "<group>"; };
		BC0F27E121FC6385008032D3 /* R.generated.swift */ = {isa = PBXFileReference; fileEncoding = 4; lastKnownFileType = sourcecode.swift; path = R.generated.swift; sourceTree = SOURCE_ROOT; };
		BC0F27E321FC974C008032D3 /* ReachabilityManager.swift */ = {isa = PBXFileReference; fileEncoding = 4; lastKnownFileType = sourcecode.swift; path = ReachabilityManager.swift; sourceTree = "<group>"; };
		BC0F27E521FC9762008032D3 /* Reachability.m */ = {isa = PBXFileReference; fileEncoding = 4; lastKnownFileType = sourcecode.c.objc; path = Reachability.m; sourceTree = "<group>"; };
		BC0F27E621FC9762008032D3 /* Reachability.h */ = {isa = PBXFileReference; fileEncoding = 4; lastKnownFileType = sourcecode.c.h; path = Reachability.h; sourceTree = "<group>"; };
		BC0F27ED21FC98B4008032D3 /* PairsListContracts.swift */ = {isa = PBXFileReference; lastKnownFileType = sourcecode.swift; path = PairsListContracts.swift; sourceTree = "<group>"; };
		BC0F27EF21FC98DA008032D3 /* PairsListInteractor.swift */ = {isa = PBXFileReference; lastKnownFileType = sourcecode.swift; path = PairsListInteractor.swift; sourceTree = "<group>"; };
		BC0F27F121FC98E9008032D3 /* PairsListPresenter.swift */ = {isa = PBXFileReference; lastKnownFileType = sourcecode.swift; path = PairsListPresenter.swift; sourceTree = "<group>"; };
		BC0F27F321FC98F7008032D3 /* PairsListRouter.swift */ = {isa = PBXFileReference; lastKnownFileType = sourcecode.swift; path = PairsListRouter.swift; sourceTree = "<group>"; };
		BC0F27F521FC9908008032D3 /* PairsListViewController.swift */ = {isa = PBXFileReference; lastKnownFileType = sourcecode.swift; path = PairsListViewController.swift; sourceTree = "<group>"; };
		BC0F27F721FC991B008032D3 /* PairsListStoryboard.storyboard */ = {isa = PBXFileReference; lastKnownFileType = file.storyboard; path = PairsListStoryboard.storyboard; sourceTree = "<group>"; };
		BC0F27FF21FC99B4008032D3 /* PairDetailContracts.swift */ = {isa = PBXFileReference; lastKnownFileType = sourcecode.swift; path = PairDetailContracts.swift; sourceTree = "<group>"; };
		BC0F280121FC99C6008032D3 /* PairDetailInteractor.swift */ = {isa = PBXFileReference; lastKnownFileType = sourcecode.swift; path = PairDetailInteractor.swift; sourceTree = "<group>"; };
		BC0F280321FC99DC008032D3 /* PairDetailPresenter.swift */ = {isa = PBXFileReference; lastKnownFileType = sourcecode.swift; path = PairDetailPresenter.swift; sourceTree = "<group>"; };
		BC0F280521FC99ED008032D3 /* PairDetailRouter.swift */ = {isa = PBXFileReference; lastKnownFileType = sourcecode.swift; path = PairDetailRouter.swift; sourceTree = "<group>"; };
		BC0F280721FC9A03008032D3 /* PairDetailiViewController.swift */ = {isa = PBXFileReference; lastKnownFileType = sourcecode.swift; path = PairDetailiViewController.swift; sourceTree = "<group>"; };
		BC0F280921FC9A14008032D3 /* PairDetailStoryboard.storyboard */ = {isa = PBXFileReference; lastKnownFileType = file.storyboard; path = PairDetailStoryboard.storyboard; sourceTree = "<group>"; };
		BC0F280B21FCC3E0008032D3 /* PairListTableViewCell.xib */ = {isa = PBXFileReference; lastKnownFileType = file.xib; path = PairListTableViewCell.xib; sourceTree = "<group>"; };
		BC0F280D21FCC3EB008032D3 /* PairListTableViewCell.swift */ = {isa = PBXFileReference; lastKnownFileType = sourcecode.swift; path = PairListTableViewCell.swift; sourceTree = "<group>"; };
		BC0F281121FD9B98008032D3 /* Observable.swift */ = {isa = PBXFileReference; lastKnownFileType = sourcecode.swift; path = Observable.swift; sourceTree = "<group>"; };
		BC4BC78021FEBD4300CE6AAD /* DateTests.swift */ = {isa = PBXFileReference; lastKnownFileType = sourcecode.swift; path = DateTests.swift; sourceTree = "<group>"; };
		BC4BC78321FEBE0F00CE6AAD /* EncryptionTests.swift */ = {isa = PBXFileReference; lastKnownFileType = sourcecode.swift; path = EncryptionTests.swift; sourceTree = "<group>"; };
		BC4BC78621FEBE5000CE6AAD /* TickerDataTests.swift */ = {isa = PBXFileReference; lastKnownFileType = sourcecode.swift; path = TickerDataTests.swift; sourceTree = "<group>"; };
		BC766D1A21FDDE66004F11C1 /* AnimationProtocol.swift */ = {isa = PBXFileReference; lastKnownFileType = sourcecode.swift; path = AnimationProtocol.swift; sourceTree = "<group>"; };
		BC766D1C21FDF77F004F11C1 /* Assets.xcassets */ = {isa = PBXFileReference; lastKnownFileType = folder.assetcatalog; path = Assets.xcassets; sourceTree = "<group>"; };
		BCFAAFF421FA0D9400A59813 /* BitTicker.app */ = {isa = PBXFileReference; explicitFileType = wrapper.application; includeInIndex = 0; path = BitTicker.app; sourceTree = BUILT_PRODUCTS_DIR; };
		BCFAAFF721FA0D9400A59813 /* AppDelegate.swift */ = {isa = PBXFileReference; lastKnownFileType = sourcecode.swift; path = AppDelegate.swift; sourceTree = "<group>"; };
		BCFAAFFC21FA0D9400A59813 /* Base */ = {isa = PBXFileReference; lastKnownFileType = file.storyboard; name = Base; path = Base.lproj/Main.storyboard; sourceTree = "<group>"; };
		BCFAB00121FA0D9500A59813 /* Base */ = {isa = PBXFileReference; lastKnownFileType = file.storyboard; name = Base; path = Base.lproj/LaunchScreen.storyboard; sourceTree = "<group>"; };
		BCFAB00321FA0D9500A59813 /* Info.plist */ = {isa = PBXFileReference; lastKnownFileType = text.plist.xml; path = Info.plist; sourceTree = "<group>"; };
		BCFAB00821FA0D9500A59813 /* BitTickerTests.xctest */ = {isa = PBXFileReference; explicitFileType = wrapper.cfbundle; includeInIndex = 0; path = BitTickerTests.xctest; sourceTree = BUILT_PRODUCTS_DIR; };
		BCFAB00E21FA0D9500A59813 /* Info.plist */ = {isa = PBXFileReference; lastKnownFileType = text.plist.xml; path = Info.plist; sourceTree = "<group>"; };
		BCFAB01E21FA0E7900A59813 /* UIEdgeInsets.swift */ = {isa = PBXFileReference; fileEncoding = 4; lastKnownFileType = sourcecode.swift; path = UIEdgeInsets.swift; sourceTree = "<group>"; };
		BCFAB02021FA0E7900A59813 /* UIColor.swift */ = {isa = PBXFileReference; fileEncoding = 4; lastKnownFileType = sourcecode.swift; path = UIColor.swift; sourceTree = "<group>"; };
		BCFAB02221FA0E7900A59813 /* Data.swift */ = {isa = PBXFileReference; fileEncoding = 4; lastKnownFileType = sourcecode.swift; path = Data.swift; sourceTree = "<group>"; };
		BCFAB02421FA0E7900A59813 /* String.swift */ = {isa = PBXFileReference; fileEncoding = 4; lastKnownFileType = sourcecode.swift; path = String.swift; sourceTree = "<group>"; };
		BCFAB02621FA0E7900A59813 /* UIFont.swift */ = {isa = PBXFileReference; fileEncoding = 4; lastKnownFileType = sourcecode.swift; path = UIFont.swift; sourceTree = "<group>"; };
		BCFAB02821FA0E7900A59813 /* UIView.swift */ = {isa = PBXFileReference; fileEncoding = 4; lastKnownFileType = sourcecode.swift; path = UIView.swift; sourceTree = "<group>"; };
		BCFAB02A21FA0E7900A59813 /* Date.swift */ = {isa = PBXFileReference; fileEncoding = 4; lastKnownFileType = sourcecode.swift; path = Date.swift; sourceTree = "<group>"; };
		BCFAB03221FA0FAD00A59813 /* Utils.swift */ = {isa = PBXFileReference; lastKnownFileType = sourcecode.swift; path = Utils.swift; sourceTree = "<group>"; };
		BCFAB03421FA107400A59813 /* InternalNotifications.swift */ = {isa = PBXFileReference; lastKnownFileType = sourcecode.swift; path = InternalNotifications.swift; sourceTree = "<group>"; };
		BCFAB03921FA138900A59813 /* BitTicker-Bridging-Header.h */ = {isa = PBXFileReference; lastKnownFileType = sourcecode.c.h; path = "BitTicker-Bridging-Header.h"; sourceTree = "<group>"; };
		BCFAB04221FA2B1A00A59813 /* libz.tbd */ = {isa = PBXFileReference; lastKnownFileType = "sourcecode.text-based-dylib-definition"; name = libz.tbd; path = usr/lib/libz.tbd; sourceTree = SDKROOT; };
		BCFAB04821FA501B00A59813 /* PairIdData.swift */ = {isa = PBXFileReference; lastKnownFileType = sourcecode.swift; path = PairIdData.swift; sourceTree = "<group>"; };
		D569EA88B264490F2BDEEE3B /* Pods_BitTicker.framework */ = {isa = PBXFileReference; explicitFileType = wrapper.framework; includeInIndex = 0; path = Pods_BitTicker.framework; sourceTree = BUILT_PRODUCTS_DIR; };
		DFF6CD6D6BB54C2C2E355644 /* Pods_BitTickerTests.framework */ = {isa = PBXFileReference; explicitFileType = wrapper.framework; includeInIndex = 0; path = Pods_BitTickerTests.framework; sourceTree = BUILT_PRODUCTS_DIR; };
/* End PBXFileReference section */

/* Begin PBXFrameworksBuildPhase section */
		BCFAAFF121FA0D9400A59813 /* Frameworks */ = {
			isa = PBXFrameworksBuildPhase;
			buildActionMask = 2147483647;
			files = (
				6157B22A3BE470DF3B336C65 /* Pods_BitTicker.framework in Frameworks */,
			);
			runOnlyForDeploymentPostprocessing = 0;
		};
		BCFAB00521FA0D9500A59813 /* Frameworks */ = {
			isa = PBXFrameworksBuildPhase;
			buildActionMask = 2147483647;
			files = (
				FCC2B6393B262635288311C3 /* Pods_BitTickerTests.framework in Frameworks */,
			);
			runOnlyForDeploymentPostprocessing = 0;
		};
/* End PBXFrameworksBuildPhase section */

/* Begin PBXGroup section */
		5ECEA3F2F299764D05F250F4 /* Pods */ = {
			isa = PBXGroup;
			children = (
				8353EA698BB22C8510F0851A /* Pods-BitTicker.debug.xcconfig */,
				4985F14E9CE299D79C9A1A0C /* Pods-BitTicker.release.xcconfig */,
				06BEFD2183A9D4640099F8C9 /* Pods-BitTickerTests.debug.xcconfig */,
				65D51DEFCF34329AA6EFB0C2 /* Pods-BitTickerTests.release.xcconfig */,
			);
			name = Pods;
			sourceTree = "<group>";
		};
		BC0F27B521FC4B2F008032D3 /* Application */ = {
			isa = PBXGroup;
			children = (
				BCFAAFF721FA0D9400A59813 /* AppDelegate.swift */,
			);
			path = Application;
			sourceTree = "<group>";
		};
		BC0F27B821FC4BB3008032D3 /* Models */ = {
			isa = PBXGroup;
			children = (
				BCFAB04721FA4FD600A59813 /* Data */,
				BC0F27BB21FC4C5D008032D3 /* Ticker.swift */,
			);
			path = Models;
			sourceTree = "<group>";
		};
		BC0F27B921FC4BBE008032D3 /* Modules */ = {
			isa = PBXGroup;
			children = (
				BC0F27C321FC4FFA008032D3 /* Root */,
				BC0F27CA21FC5582008032D3 /* Login View */,
				BC0F27C621FC5121008032D3 /* Pairs List */,
				BC0F27C721FC521A008032D3 /* Pair Detail View */,
			);
			path = Modules;
			sourceTree = "<group>";
		};
		BC0F27BA21FC4BE4008032D3 /* Services */ = {
			isa = PBXGroup;
			children = (
				BC0F281021FD9B81008032D3 /* Observable */,
				BC0F280F21FD9B77008032D3 /* Ploniex */,
			);
			path = Services;
			sourceTree = "<group>";
		};
		BC0F27C321FC4FFA008032D3 /* Root */ = {
			isa = PBXGroup;
			children = (
				BC0F27C421FC5016008032D3 /* RootViewController.swift */,
				BC0F27C821FC5289008032D3 /* RootContract.swift */,
				BC0F27DC21FC5AB3008032D3 /* RootRouter.swift */,
			);
			path = Root;
			sourceTree = "<group>";
		};
		BC0F27C621FC5121008032D3 /* Pairs List */ = {
			isa = PBXGroup;
			children = (
				BC0F27EC21FC9885008032D3 /* Contracts */,
				BC0F27EB21FC9876008032D3 /* Interactor */,
				BC0F27EA21FC986F008032D3 /* Presenter */,
				BC0F27E921FC9867008032D3 /* Router */,
				BC0F27E821FC9862008032D3 /* View */,
			);
			path = "Pairs List";
			sourceTree = "<group>";
		};
		BC0F27C721FC521A008032D3 /* Pair Detail View */ = {
			isa = PBXGroup;
			children = (
				BC0F27FE21FC9998008032D3 /* Contracts */,
				BC0F27FD21FC998F008032D3 /* Interactor */,
				BC0F27FC21FC9984008032D3 /* Presenter */,
				BC0F27FA21FC995D008032D3 /* Router */,
				BC0F27F921FC9958008032D3 /* View */,
			);
			path = "Pair Detail View";
			sourceTree = "<group>";
		};
		BC0F27CA21FC5582008032D3 /* Login View */ = {
			isa = PBXGroup;
			children = (
				BC0F27CB21FC55C4008032D3 /* Contracts */,
				BC0F27CC21FC55D6008032D3 /* Interactor */,
				BC0F27CD21FC55DF008032D3 /* Presenter */,
				BC0F27CE21FC55E7008032D3 /* Router */,
				BC0F27CF21FC55F0008032D3 /* View */,
			);
			path = "Login View";
			sourceTree = "<group>";
		};
		BC0F27CB21FC55C4008032D3 /* Contracts */ = {
			isa = PBXGroup;
			children = (
				BC0F27D021FC5615008032D3 /* LoginContracts.swift */,
			);
			path = Contracts;
			sourceTree = "<group>";
		};
		BC0F27CC21FC55D6008032D3 /* Interactor */ = {
			isa = PBXGroup;
			children = (
				BC0F27D221FC562A008032D3 /* LoginIneractor.swift */,
			);
			path = Interactor;
			sourceTree = "<group>";
		};
		BC0F27CD21FC55DF008032D3 /* Presenter */ = {
			isa = PBXGroup;
			children = (
				BC0F27D421FC564E008032D3 /* LoginPresenter.swift */,
			);
			path = Presenter;
			sourceTree = "<group>";
		};
		BC0F27CE21FC55E7008032D3 /* Router */ = {
			isa = PBXGroup;
			children = (
				BC0F27D621FC5662008032D3 /* LoginRouter.swift */,
			);
			path = Router;
			sourceTree = "<group>";
		};
		BC0F27CF21FC55F0008032D3 /* View */ = {
			isa = PBXGroup;
			children = (
				BC0F27D821FC567F008032D3 /* LoginViewController.swift */,
				BC0F27DA21FC5712008032D3 /* LoginStoryboard.storyboard */,
			);
			path = View;
			sourceTree = "<group>";
		};
		BC0F27E821FC9862008032D3 /* View */ = {
			isa = PBXGroup;
			children = (
				BC0F27F521FC9908008032D3 /* PairsListViewController.swift */,
				BC0F27F721FC991B008032D3 /* PairsListStoryboard.storyboard */,
				BC0F280D21FCC3EB008032D3 /* PairListTableViewCell.swift */,
				BC0F280B21FCC3E0008032D3 /* PairListTableViewCell.xib */,
			);
			path = View;
			sourceTree = "<group>";
		};
		BC0F27E921FC9867008032D3 /* Router */ = {
			isa = PBXGroup;
			children = (
				BC0F27F321FC98F7008032D3 /* PairsListRouter.swift */,
			);
			path = Router;
			sourceTree = "<group>";
		};
		BC0F27EA21FC986F008032D3 /* Presenter */ = {
			isa = PBXGroup;
			children = (
				BC0F27F121FC98E9008032D3 /* PairsListPresenter.swift */,
			);
			path = Presenter;
			sourceTree = "<group>";
		};
		BC0F27EB21FC9876008032D3 /* Interactor */ = {
			isa = PBXGroup;
			children = (
				BC0F27EF21FC98DA008032D3 /* PairsListInteractor.swift */,
			);
			path = Interactor;
			sourceTree = "<group>";
		};
		BC0F27EC21FC9885008032D3 /* Contracts */ = {
			isa = PBXGroup;
			children = (
				BC0F27ED21FC98B4008032D3 /* PairsListContracts.swift */,
			);
			path = Contracts;
			sourceTree = "<group>";
		};
		BC0F27F921FC9958008032D3 /* View */ = {
			isa = PBXGroup;
			children = (
				BC0F280721FC9A03008032D3 /* PairDetailiViewController.swift */,
				BC0F280921FC9A14008032D3 /* PairDetailStoryboard.storyboard */,
			);
			path = View;
			sourceTree = "<group>";
		};
		BC0F27FA21FC995D008032D3 /* Router */ = {
			isa = PBXGroup;
			children = (
				BC0F280521FC99ED008032D3 /* PairDetailRouter.swift */,
			);
			path = Router;
			sourceTree = "<group>";
		};
		BC0F27FC21FC9984008032D3 /* Presenter */ = {
			isa = PBXGroup;
			children = (
				BC0F280321FC99DC008032D3 /* PairDetailPresenter.swift */,
			);
			path = Presenter;
			sourceTree = "<group>";
		};
		BC0F27FD21FC998F008032D3 /* Interactor */ = {
			isa = PBXGroup;
			children = (
				BC0F280121FC99C6008032D3 /* PairDetailInteractor.swift */,
			);
			path = Interactor;
			sourceTree = "<group>";
		};
		BC0F27FE21FC9998008032D3 /* Contracts */ = {
			isa = PBXGroup;
			children = (
				BC0F27FF21FC99B4008032D3 /* PairDetailContracts.swift */,
			);
			path = Contracts;
			sourceTree = "<group>";
		};
		BC0F280F21FD9B77008032D3 /* Ploniex */ = {
			isa = PBXGroup;
			children = (
				BC0F27BD21FC4D57008032D3 /* BitPoloniexService.swift */,
			);
			path = Ploniex;
			sourceTree = "<group>";
		};
		BC0F281021FD9B81008032D3 /* Observable */ = {
			isa = PBXGroup;
			children = (
				BC0F281121FD9B98008032D3 /* Observable.swift */,
			);
			path = Observable;
			sourceTree = "<group>";
		};
		BC4BC77F21FEBD2100CE6AAD /* Date */ = {
			isa = PBXGroup;
			children = (
				BC4BC78021FEBD4300CE6AAD /* DateTests.swift */,
			);
			path = Date;
			sourceTree = "<group>";
		};
		BC4BC78221FEBDFC00CE6AAD /* Encrypton */ = {
			isa = PBXGroup;
			children = (
				BC4BC78321FEBE0F00CE6AAD /* EncryptionTests.swift */,
			);
			path = Encrypton;
			sourceTree = "<group>";
		};
		BC4BC78521FEBE4000CE6AAD /* TickerData */ = {
			isa = PBXGroup;
			children = (
				BC4BC78621FEBE5000CE6AAD /* TickerDataTests.swift */,
			);
			path = TickerData;
			sourceTree = "<group>";
		};
		BC766D1921FDDE43004F11C1 /* Animations */ = {
			isa = PBXGroup;
			children = (
				BC766D1A21FDDE66004F11C1 /* AnimationProtocol.swift */,
			);
			path = Animations;
			sourceTree = "<group>";
		};
		BCFAAFEB21FA0D9400A59813 = {
			isa = PBXGroup;
			children = (
				BCFAAFF621FA0D9400A59813 /* BitTicker */,
				BCFAB00B21FA0D9500A59813 /* BitTickerTests */,
				BCFAAFF521FA0D9400A59813 /* Products */,
				5ECEA3F2F299764D05F250F4 /* Pods */,
				E1A806701EDD551DBA30331D /* Frameworks */,
			);
			sourceTree = "<group>";
		};
		BCFAAFF521FA0D9400A59813 /* Products */ = {
			isa = PBXGroup;
			children = (
				BCFAAFF421FA0D9400A59813 /* BitTicker.app */,
				BCFAB00821FA0D9500A59813 /* BitTickerTests.xctest */,
			);
			name = Products;
			sourceTree = "<group>";
		};
		BCFAAFF621FA0D9400A59813 /* BitTicker */ = {
			isa = PBXGroup;
			children = (
				BC0F27B521FC4B2F008032D3 /* Application */,
				BC0F27B921FC4BBE008032D3 /* Modules */,
				BC0F27B821FC4BB3008032D3 /* Models */,
				BC0F27BA21FC4BE4008032D3 /* Services */,
				BCFAB01B21FA0E2000A59813 /* Managers */,
				BC766D1921FDDE43004F11C1 /* Animations */,
				BCFAB01821FA0DFA00A59813 /* Extensions */,
				BCFAB01721FA0DDB00A59813 /* Utils */,
				BCFAB01921FA0E0900A59813 /* Resources */,
			);
			path = BitTicker;
			sourceTree = "<group>";
		};
		BCFAB00B21FA0D9500A59813 /* BitTickerTests */ = {
			isa = PBXGroup;
			children = (
				BC4BC78521FEBE4000CE6AAD /* TickerData */,
				BC4BC78221FEBDFC00CE6AAD /* Encrypton */,
				BC4BC77F21FEBD2100CE6AAD /* Date */,
				BCFAB00E21FA0D9500A59813 /* Info.plist */,
			);
			path = BitTickerTests;
			sourceTree = "<group>";
		};
		BCFAB01721FA0DDB00A59813 /* Utils */ = {
			isa = PBXGroup;
			children = (
				BCFAB03221FA0FAD00A59813 /* Utils.swift */,
				BCFAB03421FA107400A59813 /* InternalNotifications.swift */,
			);
			path = Utils;
			sourceTree = "<group>";
		};
		BCFAB01821FA0DFA00A59813 /* Extensions */ = {
			isa = PBXGroup;
			children = (
				BCFAB02121FA0E7900A59813 /* Data */,
				BCFAB02921FA0E7900A59813 /* Date */,
				BCFAB02321FA0E7900A59813 /* String */,
				BCFAB01F21FA0E7900A59813 /* UIColor */,
				BCFAB01D21FA0E7900A59813 /* UIEdgeInsets */,
				BCFAB02521FA0E7900A59813 /* UIFont */,
				BCFAB02721FA0E7900A59813 /* UIView */,
			);
			path = Extensions;
			sourceTree = "<group>";
		};
		BCFAB01921FA0E0900A59813 /* Resources */ = {
			isa = PBXGroup;
			children = (
				BC766D1C21FDF77F004F11C1 /* Assets.xcassets */,
				BCFAB03921FA138900A59813 /* BitTicker-Bridging-Header.h */,
				BC0F27C121FC4FCD008032D3 /* GoogleService-Info.plist */,
				BCFAAFFB21FA0D9400A59813 /* Main.storyboard */,
				BCFAB00021FA0D9500A59813 /* LaunchScreen.storyboard */,
				BCFAB00321FA0D9500A59813 /* Info.plist */,
				BC0F27E121FC6385008032D3 /* R.generated.swift */,
			);
			path = Resources;
			sourceTree = "<group>";
		};
		BCFAB01B21FA0E2000A59813 /* Managers */ = {
			isa = PBXGroup;
			children = (
				BCFAB03621FA131F00A59813 /* Reachability Manager */,
			);
			path = Managers;
			sourceTree = "<group>";
		};
		BCFAB01D21FA0E7900A59813 /* UIEdgeInsets */ = {
			isa = PBXGroup;
			children = (
				BCFAB01E21FA0E7900A59813 /* UIEdgeInsets.swift */,
			);
			path = UIEdgeInsets;
			sourceTree = "<group>";
		};
		BCFAB01F21FA0E7900A59813 /* UIColor */ = {
			isa = PBXGroup;
			children = (
				BCFAB02021FA0E7900A59813 /* UIColor.swift */,
			);
			path = UIColor;
			sourceTree = "<group>";
		};
		BCFAB02121FA0E7900A59813 /* Data */ = {
			isa = PBXGroup;
			children = (
				BCFAB02221FA0E7900A59813 /* Data.swift */,
			);
			path = Data;
			sourceTree = "<group>";
		};
		BCFAB02321FA0E7900A59813 /* String */ = {
			isa = PBXGroup;
			children = (
				BCFAB02421FA0E7900A59813 /* String.swift */,
			);
			path = String;
			sourceTree = "<group>";
		};
		BCFAB02521FA0E7900A59813 /* UIFont */ = {
			isa = PBXGroup;
			children = (
				BCFAB02621FA0E7900A59813 /* UIFont.swift */,
			);
			path = UIFont;
			sourceTree = "<group>";
		};
		BCFAB02721FA0E7900A59813 /* UIView */ = {
			isa = PBXGroup;
			children = (
				BCFAB02821FA0E7900A59813 /* UIView.swift */,
			);
			path = UIView;
			sourceTree = "<group>";
		};
		BCFAB02921FA0E7900A59813 /* Date */ = {
			isa = PBXGroup;
			children = (
				BCFAB02A21FA0E7900A59813 /* Date.swift */,
			);
			path = Date;
			sourceTree = "<group>";
		};
		BCFAB03621FA131F00A59813 /* Reachability Manager */ = {
			isa = PBXGroup;
			children = (
				BC0F27E621FC9762008032D3 /* Reachability.h */,
				BC0F27E521FC9762008032D3 /* Reachability.m */,
				BC0F27E321FC974C008032D3 /* ReachabilityManager.swift */,
			);
			path = "Reachability Manager";
			sourceTree = "<group>";
		};
		BCFAB04721FA4FD600A59813 /* Data */ = {
			isa = PBXGroup;
			children = (
				BCFAB04821FA501B00A59813 /* PairIdData.swift */,
			);
			path = Data;
			sourceTree = "<group>";
		};
		E1A806701EDD551DBA30331D /* Frameworks */ = {
			isa = PBXGroup;
			children = (
				BCFAB04221FA2B1A00A59813 /* libz.tbd */,
				D569EA88B264490F2BDEEE3B /* Pods_BitTicker.framework */,
				DFF6CD6D6BB54C2C2E355644 /* Pods_BitTickerTests.framework */,
			);
			name = Frameworks;
			sourceTree = "<group>";
		};
/* End PBXGroup section */

/* Begin PBXNativeTarget section */
		BCFAAFF321FA0D9400A59813 /* BitTicker */ = {
			isa = PBXNativeTarget;
			buildConfigurationList = BCFAB01121FA0D9500A59813 /* Build configuration list for PBXNativeTarget "BitTicker" */;
			buildPhases = (
				99EDA6325068906528FC3E2A /* [CP] Check Pods Manifest.lock */,
				BC0F27DE21FC5F6E008032D3 /* ShellScript */,
				BCFAAFF021FA0D9400A59813 /* Sources */,
				BCFAAFF121FA0D9400A59813 /* Frameworks */,
				BCFAAFF221FA0D9400A59813 /* Resources */,
				21DAF7A5520C0590CF5EB2EB /* [CP] Embed Pods Frameworks */,
			);
			buildRules = (
			);
			dependencies = (
			);
			name = BitTicker;
			productName = BitTicker;
			productReference = BCFAAFF421FA0D9400A59813 /* BitTicker.app */;
			productType = "com.apple.product-type.application";
		};
		BCFAB00721FA0D9500A59813 /* BitTickerTests */ = {
			isa = PBXNativeTarget;
			buildConfigurationList = BCFAB01421FA0D9500A59813 /* Build configuration list for PBXNativeTarget "BitTickerTests" */;
			buildPhases = (
				AC2BEF4090044D2D49AD8E69 /* [CP] Check Pods Manifest.lock */,
				BCFAB00421FA0D9500A59813 /* Sources */,
				BCFAB00521FA0D9500A59813 /* Frameworks */,
				BCFAB00621FA0D9500A59813 /* Resources */,
			);
			buildRules = (
			);
			dependencies = (
				BCFAB00A21FA0D9500A59813 /* PBXTargetDependency */,
			);
			name = BitTickerTests;
			productName = BitTickerTests;
			productReference = BCFAB00821FA0D9500A59813 /* BitTickerTests.xctest */;
			productType = "com.apple.product-type.bundle.unit-test";
		};
/* End PBXNativeTarget section */

/* Begin PBXProject section */
		BCFAAFEC21FA0D9400A59813 /* Project object */ = {
			isa = PBXProject;
			attributes = {
				LastSwiftUpdateCheck = 1000;
				LastUpgradeCheck = 1000;
				ORGANIZATIONNAME = "Ivan Yordanov";
				TargetAttributes = {
					BCFAAFF321FA0D9400A59813 = {
						CreatedOnToolsVersion = 10.0;
						LastSwiftMigration = 1000;
					};
					BCFAB00721FA0D9500A59813 = {
						CreatedOnToolsVersion = 10.0;
						TestTargetID = BCFAAFF321FA0D9400A59813;
					};
				};
			};
			buildConfigurationList = BCFAAFEF21FA0D9400A59813 /* Build configuration list for PBXProject "BitTicker" */;
			compatibilityVersion = "Xcode 9.3";
			developmentRegion = en;
			hasScannedForEncodings = 0;
			knownRegions = (
				en,
				Base,
			);
			mainGroup = BCFAAFEB21FA0D9400A59813;
			productRefGroup = BCFAAFF521FA0D9400A59813 /* Products */;
			projectDirPath = "";
			projectRoot = "";
			targets = (
				BCFAAFF321FA0D9400A59813 /* BitTicker */,
				BCFAB00721FA0D9500A59813 /* BitTickerTests */,
			);
		};
/* End PBXProject section */

/* Begin PBXResourcesBuildPhase section */
		BCFAAFF221FA0D9400A59813 /* Resources */ = {
			isa = PBXResourcesBuildPhase;
			buildActionMask = 2147483647;
			files = (
				BCFAB00221FA0D9500A59813 /* LaunchScreen.storyboard in Resources */,
				BC0F27DB21FC5712008032D3 /* LoginStoryboard.storyboard in Resources */,
				BC0F27C221FC4FCD008032D3 /* GoogleService-Info.plist in Resources */,
				BC0F280A21FC9A14008032D3 /* PairDetailStoryboard.storyboard in Resources */,
				BC0F27F821FC991B008032D3 /* PairsListStoryboard.storyboard in Resources */,
				BC0F280C21FCC3E0008032D3 /* PairListTableViewCell.xib in Resources */,
				BC766D1D21FDF77F004F11C1 /* Assets.xcassets in Resources */,
				BCFAAFFD21FA0D9400A59813 /* Main.storyboard in Resources */,
			);
			runOnlyForDeploymentPostprocessing = 0;
		};
		BCFAB00621FA0D9500A59813 /* Resources */ = {
			isa = PBXResourcesBuildPhase;
			buildActionMask = 2147483647;
			files = (
			);
			runOnlyForDeploymentPostprocessing = 0;
		};
/* End PBXResourcesBuildPhase section */

/* Begin PBXShellScriptBuildPhase section */
		21DAF7A5520C0590CF5EB2EB /* [CP] Embed Pods Frameworks */ = {
			isa = PBXShellScriptBuildPhase;
			buildActionMask = 2147483647;
			files = (
			);
			inputFileListPaths = (
			);
			inputPaths = (
				"${SRCROOT}/Pods/Target Support Files/Pods-BitTicker/Pods-BitTicker-frameworks.sh",
				"${BUILT_PRODUCTS_DIR}/GTMSessionFetcher/GTMSessionFetcher.framework",
				"${BUILT_PRODUCTS_DIR}/GoogleUtilities/GoogleUtilities.framework",
				"${BUILT_PRODUCTS_DIR}/R.swift.Library/Rswift.framework",
				"${BUILT_PRODUCTS_DIR}/SVProgressHUD/SVProgressHUD.framework",
				"${BUILT_PRODUCTS_DIR}/Starscream/Starscream.framework",
				"${BUILT_PRODUCTS_DIR}/nanopb/nanopb.framework",
			);
			name = "[CP] Embed Pods Frameworks";
			outputFileListPaths = (
			);
			outputPaths = (
				"${TARGET_BUILD_DIR}/${FRAMEWORKS_FOLDER_PATH}/GTMSessionFetcher.framework",
				"${TARGET_BUILD_DIR}/${FRAMEWORKS_FOLDER_PATH}/GoogleUtilities.framework",
				"${TARGET_BUILD_DIR}/${FRAMEWORKS_FOLDER_PATH}/Rswift.framework",
				"${TARGET_BUILD_DIR}/${FRAMEWORKS_FOLDER_PATH}/SVProgressHUD.framework",
				"${TARGET_BUILD_DIR}/${FRAMEWORKS_FOLDER_PATH}/Starscream.framework",
				"${TARGET_BUILD_DIR}/${FRAMEWORKS_FOLDER_PATH}/nanopb.framework",
			);
			runOnlyForDeploymentPostprocessing = 0;
			shellPath = /bin/sh;
			shellScript = "\"${SRCROOT}/Pods/Target Support Files/Pods-BitTicker/Pods-BitTicker-frameworks.sh\"\n";
			showEnvVarsInLog = 0;
		};
		99EDA6325068906528FC3E2A /* [CP] Check Pods Manifest.lock */ = {
			isa = PBXShellScriptBuildPhase;
			buildActionMask = 2147483647;
			files = (
			);
			inputFileListPaths = (
			);
			inputPaths = (
				"${PODS_PODFILE_DIR_PATH}/Podfile.lock",
				"${PODS_ROOT}/Manifest.lock",
			);
			name = "[CP] Check Pods Manifest.lock";
			outputFileListPaths = (
			);
			outputPaths = (
				"$(DERIVED_FILE_DIR)/Pods-BitTicker-checkManifestLockResult.txt",
			);
			runOnlyForDeploymentPostprocessing = 0;
			shellPath = /bin/sh;
			shellScript = "diff \"${PODS_PODFILE_DIR_PATH}/Podfile.lock\" \"${PODS_ROOT}/Manifest.lock\" > /dev/null\nif [ $? != 0 ] ; then\n    # print error to STDERR\n    echo \"error: The sandbox is not in sync with the Podfile.lock. Run 'pod install' or update your CocoaPods installation.\" >&2\n    exit 1\nfi\n# This output is used by Xcode 'outputs' to avoid re-running this script phase.\necho \"SUCCESS\" > \"${SCRIPT_OUTPUT_FILE_0}\"\n";
			showEnvVarsInLog = 0;
		};
		AC2BEF4090044D2D49AD8E69 /* [CP] Check Pods Manifest.lock */ = {
			isa = PBXShellScriptBuildPhase;
			buildActionMask = 2147483647;
			files = (
			);
			inputFileListPaths = (
			);
			inputPaths = (
				"${PODS_PODFILE_DIR_PATH}/Podfile.lock",
				"${PODS_ROOT}/Manifest.lock",
			);
			name = "[CP] Check Pods Manifest.lock";
			outputFileListPaths = (
			);
			outputPaths = (
				"$(DERIVED_FILE_DIR)/Pods-BitTickerTests-checkManifestLockResult.txt",
			);
			runOnlyForDeploymentPostprocessing = 0;
			shellPath = /bin/sh;
			shellScript = "diff \"${PODS_PODFILE_DIR_PATH}/Podfile.lock\" \"${PODS_ROOT}/Manifest.lock\" > /dev/null\nif [ $? != 0 ] ; then\n    # print error to STDERR\n    echo \"error: The sandbox is not in sync with the Podfile.lock. Run 'pod install' or update your CocoaPods installation.\" >&2\n    exit 1\nfi\n# This output is used by Xcode 'outputs' to avoid re-running this script phase.\necho \"SUCCESS\" > \"${SCRIPT_OUTPUT_FILE_0}\"\n";
			showEnvVarsInLog = 0;
		};
		BC0F27DE21FC5F6E008032D3 /* ShellScript */ = {
			isa = PBXShellScriptBuildPhase;
			buildActionMask = 2147483647;
			files = (
			);
			inputFileListPaths = (
			);
			inputPaths = (
				"$TEMP_DIR/rswift-lastrun",
			);
			outputFileListPaths = (
			);
			outputPaths = (
				$SRCROOT/R.generated.swift,
			);
			runOnlyForDeploymentPostprocessing = 0;
			shellPath = /bin/sh;
			shellScript = "\"$PODS_ROOT/R.swift/rswift\" generate \"$SRCROOT/R.generated.swift\"\n";
		};
/* End PBXShellScriptBuildPhase section */

/* Begin PBXSourcesBuildPhase section */
		BCFAAFF021FA0D9400A59813 /* Sources */ = {
			isa = PBXSourcesBuildPhase;
			buildActionMask = 2147483647;
			files = (
				BC0F27BE21FC4D57008032D3 /* BitPoloniexService.swift in Sources */,
				BC0F27EE21FC98B5008032D3 /* PairsListContracts.swift in Sources */,
				BC0F27E221FC6385008032D3 /* R.generated.swift in Sources */,
				BC766D1B21FDDE67004F11C1 /* AnimationProtocol.swift in Sources */,
				BCFAB03021FA0E7900A59813 /* UIView.swift in Sources */,
				BC0F281221FD9B98008032D3 /* Observable.swift in Sources */,
				BC0F27D921FC567F008032D3 /* LoginViewController.swift in Sources */,
				BC0F27E721FC9762008032D3 /* Reachability.m in Sources */,
				BC0F27F221FC98E9008032D3 /* PairsListPresenter.swift in Sources */,
				BC0F280621FC99ED008032D3 /* PairDetailRouter.swift in Sources */,
				BCFAB02E21FA0E7900A59813 /* String.swift in Sources */,
				BCFAB02D21FA0E7900A59813 /* Data.swift in Sources */,
				BCFAB02F21FA0E7900A59813 /* UIFont.swift in Sources */,
				BC0F27C521FC5016008032D3 /* RootViewController.swift in Sources */,
				BC0F27D721FC5662008032D3 /* LoginRouter.swift in Sources */,
				BCFAB03321FA0FAD00A59813 /* Utils.swift in Sources */,
				BC0F27D521FC564E008032D3 /* LoginPresenter.swift in Sources */,
				BC0F27BC21FC4C5D008032D3 /* Ticker.swift in Sources */,
				BC0F280221FC99C6008032D3 /* PairDetailInteractor.swift in Sources */,
				BC0F280821FC9A03008032D3 /* PairDetailiViewController.swift in Sources */,
				BCFAB04921FA501B00A59813 /* PairIdData.swift in Sources */,
				BC0F280E21FCC3EB008032D3 /* PairListTableViewCell.swift in Sources */,
				BC0F27D321FC562A008032D3 /* LoginIneractor.swift in Sources */,
				BCFAB02C21FA0E7900A59813 /* UIColor.swift in Sources */,
				BC0F27DD21FC5AB3008032D3 /* RootRouter.swift in Sources */,
				BC0F27F421FC98F7008032D3 /* PairsListRouter.swift in Sources */,
				BC0F27E421FC974C008032D3 /* ReachabilityManager.swift in Sources */,
				BC0F27F021FC98DA008032D3 /* PairsListInteractor.swift in Sources */,
				BCFAAFF821FA0D9400A59813 /* AppDelegate.swift in Sources */,
				BC0F27C921FC5289008032D3 /* RootContract.swift in Sources */,
				BC0F280021FC99B4008032D3 /* PairDetailContracts.swift in Sources */,
				BCFAB03121FA0E7900A59813 /* Date.swift in Sources */,
				BCFAB02B21FA0E7900A59813 /* UIEdgeInsets.swift in Sources */,
				BC0F27D121FC5615008032D3 /* LoginContracts.swift in Sources */,
				BC0F280421FC99DC008032D3 /* PairDetailPresenter.swift in Sources */,
				BC0F27F621FC9908008032D3 /* PairsListViewController.swift in Sources */,
				BCFAB03521FA107400A59813 /* InternalNotifications.swift in Sources */,
			);
			runOnlyForDeploymentPostprocessing = 0;
		};
		BCFAB00421FA0D9500A59813 /* Sources */ = {
			isa = PBXSourcesBuildPhase;
			buildActionMask = 2147483647;
			files = (
				BC4BC78721FEBE5000CE6AAD /* TickerDataTests.swift in Sources */,
				BC4BC78421FEBE0F00CE6AAD /* EncryptionTests.swift in Sources */,
				BC4BC78121FEBD4300CE6AAD /* DateTests.swift in Sources */,
			);
			runOnlyForDeploymentPostprocessing = 0;
		};
/* End PBXSourcesBuildPhase section */

/* Begin PBXTargetDependency section */
		BCFAB00A21FA0D9500A59813 /* PBXTargetDependency */ = {
			isa = PBXTargetDependency;
			target = BCFAAFF321FA0D9400A59813 /* BitTicker */;
			targetProxy = BCFAB00921FA0D9500A59813 /* PBXContainerItemProxy */;
		};
/* End PBXTargetDependency section */

/* Begin PBXVariantGroup section */
		BCFAAFFB21FA0D9400A59813 /* Main.storyboard */ = {
			isa = PBXVariantGroup;
			children = (
				BCFAAFFC21FA0D9400A59813 /* Base */,
			);
			name = Main.storyboard;
			sourceTree = "<group>";
		};
		BCFAB00021FA0D9500A59813 /* LaunchScreen.storyboard */ = {
			isa = PBXVariantGroup;
			children = (
				BCFAB00121FA0D9500A59813 /* Base */,
			);
			name = LaunchScreen.storyboard;
			sourceTree = "<group>";
		};
/* End PBXVariantGroup section */

/* Begin XCBuildConfiguration section */
		BCFAB00F21FA0D9500A59813 /* Debug */ = {
			isa = XCBuildConfiguration;
			buildSettings = {
				ALWAYS_SEARCH_USER_PATHS = NO;
				CLANG_ANALYZER_NONNULL = YES;
				CLANG_ANALYZER_NUMBER_OBJECT_CONVERSION = YES_AGGRESSIVE;
				CLANG_CXX_LANGUAGE_STANDARD = "gnu++14";
				CLANG_CXX_LIBRARY = "libc++";
				CLANG_ENABLE_MODULES = YES;
				CLANG_ENABLE_OBJC_ARC = YES;
				CLANG_ENABLE_OBJC_WEAK = YES;
				CLANG_WARN_BLOCK_CAPTURE_AUTORELEASING = YES;
				CLANG_WARN_BOOL_CONVERSION = YES;
				CLANG_WARN_COMMA = YES;
				CLANG_WARN_CONSTANT_CONVERSION = YES;
				CLANG_WARN_DEPRECATED_OBJC_IMPLEMENTATIONS = YES;
				CLANG_WARN_DIRECT_OBJC_ISA_USAGE = YES_ERROR;
				CLANG_WARN_DOCUMENTATION_COMMENTS = YES;
				CLANG_WARN_EMPTY_BODY = YES;
				CLANG_WARN_ENUM_CONVERSION = YES;
				CLANG_WARN_INFINITE_RECURSION = YES;
				CLANG_WARN_INT_CONVERSION = YES;
				CLANG_WARN_NON_LITERAL_NULL_CONVERSION = YES;
				CLANG_WARN_OBJC_IMPLICIT_RETAIN_SELF = YES;
				CLANG_WARN_OBJC_LITERAL_CONVERSION = YES;
				CLANG_WARN_OBJC_ROOT_CLASS = YES_ERROR;
				CLANG_WARN_RANGE_LOOP_ANALYSIS = YES;
				CLANG_WARN_STRICT_PROTOTYPES = YES;
				CLANG_WARN_SUSPICIOUS_MOVE = YES;
				CLANG_WARN_UNGUARDED_AVAILABILITY = YES_AGGRESSIVE;
				CLANG_WARN_UNREACHABLE_CODE = YES;
				CLANG_WARN__DUPLICATE_METHOD_MATCH = YES;
				CODE_SIGN_IDENTITY = "iPhone Developer";
				COPY_PHASE_STRIP = NO;
				DEBUG_INFORMATION_FORMAT = dwarf;
				ENABLE_STRICT_OBJC_MSGSEND = YES;
				ENABLE_TESTABILITY = YES;
				GCC_C_LANGUAGE_STANDARD = gnu11;
				GCC_DYNAMIC_NO_PIC = NO;
				GCC_NO_COMMON_BLOCKS = YES;
				GCC_OPTIMIZATION_LEVEL = 0;
				GCC_PREPROCESSOR_DEFINITIONS = (
					"DEBUG=1",
					"$(inherited)",
				);
				GCC_WARN_64_TO_32_BIT_CONVERSION = YES;
				GCC_WARN_ABOUT_RETURN_TYPE = YES_ERROR;
				GCC_WARN_UNDECLARED_SELECTOR = YES;
				GCC_WARN_UNINITIALIZED_AUTOS = YES_AGGRESSIVE;
				GCC_WARN_UNUSED_FUNCTION = YES;
				GCC_WARN_UNUSED_VARIABLE = YES;
				IPHONEOS_DEPLOYMENT_TARGET = 12.0;
				MTL_ENABLE_DEBUG_INFO = INCLUDE_SOURCE;
				MTL_FAST_MATH = YES;
				ONLY_ACTIVE_ARCH = YES;
				SDKROOT = iphoneos;
				SWIFT_ACTIVE_COMPILATION_CONDITIONS = DEBUG;
				SWIFT_OPTIMIZATION_LEVEL = "-Onone";
			};
			name = Debug;
		};
		BCFAB01021FA0D9500A59813 /* Release */ = {
			isa = XCBuildConfiguration;
			buildSettings = {
				ALWAYS_SEARCH_USER_PATHS = NO;
				CLANG_ANALYZER_NONNULL = YES;
				CLANG_ANALYZER_NUMBER_OBJECT_CONVERSION = YES_AGGRESSIVE;
				CLANG_CXX_LANGUAGE_STANDARD = "gnu++14";
				CLANG_CXX_LIBRARY = "libc++";
				CLANG_ENABLE_MODULES = YES;
				CLANG_ENABLE_OBJC_ARC = YES;
				CLANG_ENABLE_OBJC_WEAK = YES;
				CLANG_WARN_BLOCK_CAPTURE_AUTORELEASING = YES;
				CLANG_WARN_BOOL_CONVERSION = YES;
				CLANG_WARN_COMMA = YES;
				CLANG_WARN_CONSTANT_CONVERSION = YES;
				CLANG_WARN_DEPRECATED_OBJC_IMPLEMENTATIONS = YES;
				CLANG_WARN_DIRECT_OBJC_ISA_USAGE = YES_ERROR;
				CLANG_WARN_DOCUMENTATION_COMMENTS = YES;
				CLANG_WARN_EMPTY_BODY = YES;
				CLANG_WARN_ENUM_CONVERSION = YES;
				CLANG_WARN_INFINITE_RECURSION = YES;
				CLANG_WARN_INT_CONVERSION = YES;
				CLANG_WARN_NON_LITERAL_NULL_CONVERSION = YES;
				CLANG_WARN_OBJC_IMPLICIT_RETAIN_SELF = YES;
				CLANG_WARN_OBJC_LITERAL_CONVERSION = YES;
				CLANG_WARN_OBJC_ROOT_CLASS = YES_ERROR;
				CLANG_WARN_RANGE_LOOP_ANALYSIS = YES;
				CLANG_WARN_STRICT_PROTOTYPES = YES;
				CLANG_WARN_SUSPICIOUS_MOVE = YES;
				CLANG_WARN_UNGUARDED_AVAILABILITY = YES_AGGRESSIVE;
				CLANG_WARN_UNREACHABLE_CODE = YES;
				CLANG_WARN__DUPLICATE_METHOD_MATCH = YES;
				CODE_SIGN_IDENTITY = "iPhone Developer";
				COPY_PHASE_STRIP = NO;
				DEBUG_INFORMATION_FORMAT = "dwarf-with-dsym";
				ENABLE_NS_ASSERTIONS = NO;
				ENABLE_STRICT_OBJC_MSGSEND = YES;
				GCC_C_LANGUAGE_STANDARD = gnu11;
				GCC_NO_COMMON_BLOCKS = YES;
				GCC_WARN_64_TO_32_BIT_CONVERSION = YES;
				GCC_WARN_ABOUT_RETURN_TYPE = YES_ERROR;
				GCC_WARN_UNDECLARED_SELECTOR = YES;
				GCC_WARN_UNINITIALIZED_AUTOS = YES_AGGRESSIVE;
				GCC_WARN_UNUSED_FUNCTION = YES;
				GCC_WARN_UNUSED_VARIABLE = YES;
				IPHONEOS_DEPLOYMENT_TARGET = 12.0;
				MTL_ENABLE_DEBUG_INFO = NO;
				MTL_FAST_MATH = YES;
				SDKROOT = iphoneos;
				SWIFT_COMPILATION_MODE = wholemodule;
				SWIFT_OPTIMIZATION_LEVEL = "-O";
				VALIDATE_PRODUCT = YES;
			};
			name = Release;
		};
		BCFAB01221FA0D9500A59813 /* Debug */ = {
			isa = XCBuildConfiguration;
			baseConfigurationReference = 8353EA698BB22C8510F0851A /* Pods-BitTicker.debug.xcconfig */;
			buildSettings = {
				ASSETCATALOG_COMPILER_APPICON_NAME = AppIcon;
				CLANG_ENABLE_MODULES = YES;
				CODE_SIGN_STYLE = Automatic;
				DEVELOPMENT_TEAM = 3SWF6VNBLT;
				ENABLE_BITCODE = NO;
				INFOPLIST_FILE = BitTicker/Resources/Info.plist;
				LD_RUNPATH_SEARCH_PATHS = (
					"$(inherited)",
					"@executable_path/Frameworks",
				);
				PRODUCT_BUNDLE_IDENTIFIER = com.komyagency.BitTicker;
				PRODUCT_NAME = "$(TARGET_NAME)";
				SWIFT_OBJC_BRIDGING_HEADER = "BitTicker/Resources/BitTicker-Bridging-Header.h";
				SWIFT_OPTIMIZATION_LEVEL = "-Onone";
				SWIFT_VERSION = 4.2;
				TARGETED_DEVICE_FAMILY = "1,2";
			};
			name = Debug;
		};
		BCFAB01321FA0D9500A59813 /* Release */ = {
			isa = XCBuildConfiguration;
			baseConfigurationReference = 4985F14E9CE299D79C9A1A0C /* Pods-BitTicker.release.xcconfig */;
			buildSettings = {
				ASSETCATALOG_COMPILER_APPICON_NAME = AppIcon;
				CLANG_ENABLE_MODULES = YES;
				CODE_SIGN_STYLE = Automatic;
				DEVELOPMENT_TEAM = 3SWF6VNBLT;
				ENABLE_BITCODE = NO;
				INFOPLIST_FILE = BitTicker/Resources/Info.plist;
				LD_RUNPATH_SEARCH_PATHS = (
					"$(inherited)",
					"@executable_path/Frameworks",
				);
				PRODUCT_BUNDLE_IDENTIFIER = com.komyagency.BitTicker;
				PRODUCT_NAME = "$(TARGET_NAME)";
				SWIFT_OBJC_BRIDGING_HEADER = "BitTicker/Resources/BitTicker-Bridging-Header.h";
				SWIFT_VERSION = 4.2;
				TARGETED_DEVICE_FAMILY = "1,2";
			};
			name = Release;
		};
		BCFAB01521FA0D9500A59813 /* Debug */ = {
			isa = XCBuildConfiguration;
			baseConfigurationReference = 06BEFD2183A9D4640099F8C9 /* Pods-BitTickerTests.debug.xcconfig */;
			buildSettings = {
				ALWAYS_EMBED_SWIFT_STANDARD_LIBRARIES = YES;
				BUNDLE_LOADER = "$(TEST_HOST)";
				CODE_SIGN_STYLE = Automatic;
				DEVELOPMENT_TEAM = 3SWF6VNBLT;
				INFOPLIST_FILE = BitTickerTests/Info.plist;
				LD_RUNPATH_SEARCH_PATHS = (
					"$(inherited)",
					"@executable_path/Frameworks",
					"@loader_path/Frameworks",
				);
				PRODUCT_BUNDLE_IDENTIFIER = com.komyagency.BitTickerTests;
				PRODUCT_NAME = "$(TARGET_NAME)";
				SWIFT_VERSION = 4.2;
				TARGETED_DEVICE_FAMILY = "1,2";
				TEST_HOST = "$(BUILT_PRODUCTS_DIR)/BitTicker.app/BitTicker";
			};
			name = Debug;
		};
		BCFAB01621FA0D9500A59813 /* Release */ = {
			isa = XCBuildConfiguration;
			baseConfigurationReference = 65D51DEFCF34329AA6EFB0C2 /* Pods-BitTickerTests.release.xcconfig */;
			buildSettings = {
				ALWAYS_EMBED_SWIFT_STANDARD_LIBRARIES = YES;
				BUNDLE_LOADER = "$(TEST_HOST)";
				CODE_SIGN_STYLE = Automatic;
				DEVELOPMENT_TEAM = 3SWF6VNBLT;
				INFOPLIST_FILE = BitTickerTests/Info.plist;
				LD_RUNPATH_SEARCH_PATHS = (
					"$(inherited)",
					"@executable_path/Frameworks",
					"@loader_path/Frameworks",
				);
				PRODUCT_BUNDLE_IDENTIFIER = com.komyagency.BitTickerTests;
				PRODUCT_NAME = "$(TARGET_NAME)";
				SWIFT_VERSION = 4.2;
				TARGETED_DEVICE_FAMILY = "1,2";
				TEST_HOST = "$(BUILT_PRODUCTS_DIR)/BitTicker.app/BitTicker";
			};
			name = Release;
		};
/* End XCBuildConfiguration section */

/* Begin XCConfigurationList section */
		BCFAAFEF21FA0D9400A59813 /* Build configuration list for PBXProject "BitTicker" */ = {
			isa = XCConfigurationList;
			buildConfigurations = (
				BCFAB00F21FA0D9500A59813 /* Debug */,
				BCFAB01021FA0D9500A59813 /* Release */,
			);
			defaultConfigurationIsVisible = 0;
			defaultConfigurationName = Release;
		};
		BCFAB01121FA0D9500A59813 /* Build configuration list for PBXNativeTarget "BitTicker" */ = {
			isa = XCConfigurationList;
			buildConfigurations = (
				BCFAB01221FA0D9500A59813 /* Debug */,
				BCFAB01321FA0D9500A59813 /* Release */,
			);
			defaultConfigurationIsVisible = 0;
			defaultConfigurationName = Release;
		};
		BCFAB01421FA0D9500A59813 /* Build configuration list for PBXNativeTarget "BitTickerTests" */ = {
			isa = XCConfigurationList;
			buildConfigurations = (
				BCFAB01521FA0D9500A59813 /* Debug */,
				BCFAB01621FA0D9500A59813 /* Release */,
			);
			defaultConfigurationIsVisible = 0;
			defaultConfigurationName = Release;
		};
/* End XCConfigurationList section */
	};
	rootObject = BCFAAFEC21FA0D9400A59813 /* Project object */;
}
